
Microsoft Visual Studio Solution File, Format Version 12.00
# Visual Studio Version 16
VisualStudioVersion = 16.0.31624.102
MinimumVisualStudioVersion = 10.0.40219.1
Project("{FAE04EC0-301F-11D3-BF4B-00C04F79EFBC}") = "ThePriceisRightCosoleGame.Data", "ThePriceisRightCosoleGame.Data\ThePriceisRightCosoleGame.Data.csproj", "{4CA11DD9-DE30-4699-90BB-EB7211BEB9A5}"
EndProject
Project("{FAE04EC0-301F-11D3-BF4B-00C04F79EFBC}") = "ThePriceisRightConsoleGame.Repo", "ThePriceisRightConsoleGame.Repo\ThePriceisRightConsoleGame.Repo.csproj", "{788094C8-9D9D-4729-87B2-CB112B07B333}"
EndProject
Project("{FAE04EC0-301F-11D3-BF4B-00C04F79EFBC}") = "ThePriceisRightConsoleGame.UI", "ThePriceisRightConsoleGame.UI\ThePriceisRightConsoleGame.UI.csproj", "{71D40F3F-0BAA-40C3-BD2B-841AB91D3D24}"
EndProject
Global
	GlobalSection(SolutionConfigurationPlatforms) = preSolution
		Debug|Any CPU = Debug|Any CPU
		Release|Any CPU = Release|Any CPU
	EndGlobalSection
	GlobalSection(ProjectConfigurationPlatforms) = postSolution
		{4CA11DD9-DE30-4699-90BB-EB7211BEB9A5}.Debug|Any CPU.ActiveCfg = Debug|Any CPU
		{4CA11DD9-DE30-4699-90BB-EB7211BEB9A5}.Debug|Any CPU.Build.0 = Debug|Any CPU
		{4CA11DD9-DE30-4699-90BB-EB7211BEB9A5}.Release|Any CPU.ActiveCfg = Release|Any CPU
		{4CA11DD9-DE30-4699-90BB-EB7211BEB9A5}.Release|Any CPU.Build.0 = Release|Any CPU
		{788094C8-9D9D-4729-87B2-CB112B07B333}.Debug|Any CPU.ActiveCfg = Debug|Any CPU
		{788094C8-9D9D-4729-87B2-CB112B07B333}.Debug|Any CPU.Build.0 = Debug|Any CPU
		{788094C8-9D9D-4729-87B2-CB112B07B333}.Release|Any CPU.ActiveCfg = Release|Any CPU
		{788094C8-9D9D-4729-87B2-CB112B07B333}.Release|Any CPU.Build.0 = Release|Any CPU
		{71D40F3F-0BAA-40C3-BD2B-841AB91D3D24}.Debug|Any CPU.ActiveCfg = Debug|Any CPU
		{71D40F3F-0BAA-40C3-BD2B-841AB91D3D24}.Debug|Any CPU.Build.0 = Debug|Any CPU
		{71D40F3F-0BAA-40C3-BD2B-841AB91D3D24}.Release|Any CPU.ActiveCfg = Release|Any CPU
		{71D40F3F-0BAA-40C3-BD2B-841AB91D3D24}.Release|Any CPU.Build.0 = Release|Any CPU
	EndGlobalSection
	GlobalSection(SolutionProperties) = preSolution
		HideSolutionNode = FALSE
	EndGlobalSection
	GlobalSection(ExtensibilityGlobals) = postSolution
		SolutionGuid = {E51A7A65-88D5-4160-BC2D-B70E5285F667}
	EndGlobalSection
EndGlobal
